
Microsoft Visual Studio Solution File, Format Version 12.00
# Visual Studio 2012
Project("{D2ABAB84-BF74-430A-B69E-9DC6D40DDA17}") = "ejercicio6", "ejercicio6\ejercicio6.dwproj", "{509C0333-D09A-4012-8CDB-14FD93B660FB}"
EndProject
Global
	GlobalSection(SolutionConfigurationPlatforms) = preSolution
		Development|Default = Development|Default
	EndGlobalSection
	GlobalSection(ProjectConfigurationPlatforms) = postSolution
		{509C0333-D09A-4012-8CDB-14FD93B660FB}.Development|Default.ActiveCfg = Development
		{509C0333-D09A-4012-8CDB-14FD93B660FB}.Development|Default.Build.0 = Development
		{509C0333-D09A-4012-8CDB-14FD93B660FB}.Development|Default.Deploy.0 = Development
	EndGlobalSection
	GlobalSection(SolutionProperties) = preSolution
		HideSolutionNode = FALSE
	EndGlobalSection
EndGlobal
