
Microsoft Visual Studio Solution File, Format Version 12.00
# Visual Studio 2012
Project("{D2ABAB84-BF74-430A-B69E-9DC6D40DDA17}") = "ejercicio5", "ejercicio5\ejercicio5.dwproj", "{A721B655-0640-4C2B-AA76-B9D61E420778}"
EndProject
Global
	GlobalSection(SolutionConfigurationPlatforms) = preSolution
		Development|Default = Development|Default
	EndGlobalSection
	GlobalSection(ProjectConfigurationPlatforms) = postSolution
		{A721B655-0640-4C2B-AA76-B9D61E420778}.Development|Default.ActiveCfg = Development
		{A721B655-0640-4C2B-AA76-B9D61E420778}.Development|Default.Build.0 = Development
		{A721B655-0640-4C2B-AA76-B9D61E420778}.Development|Default.Deploy.0 = Development
	EndGlobalSection
	GlobalSection(SolutionProperties) = preSolution
		HideSolutionNode = FALSE
	EndGlobalSection
EndGlobal
